
Microsoft Visual Studio Solution File, Format Version 12.00
# Visual Studio Version 16
VisualStudioVersion = 16.0.810.19
MinimumVisualStudioVersion = 10.0.40219.1
Project("{FAE04EC0-301F-11D3-BF4B-00C04F79EFBC}") = "dotNet_BDD.tests", "dotNet_BDD\dotNet_BDD.tests.csproj", "{FDD8B766-2D33-46E1-A0DB-BB79CDE2B7AF}"
EndProject
Project("{FAE04EC0-301F-11D3-BF4B-00C04F79EFBC}") = "dotNet_BDD.Service", "dotNet_BDD.Service\dotNet_BDD.Service.csproj", "{2ED56E82-B14D-427C-8170-DA280FF86668}"
EndProject
Global
	GlobalSection(SolutionConfigurationPlatforms) = preSolution
		Debug|Any CPU = Debug|Any CPU
		Release|Any CPU = Release|Any CPU
	EndGlobalSection
	GlobalSection(ProjectConfigurationPlatforms) = postSolution
		{FDD8B766-2D33-46E1-A0DB-BB79CDE2B7AF}.Debug|Any CPU.ActiveCfg = Debug|Any CPU
		{FDD8B766-2D33-46E1-A0DB-BB79CDE2B7AF}.Debug|Any CPU.Build.0 = Debug|Any CPU
		{FDD8B766-2D33-46E1-A0DB-BB79CDE2B7AF}.Release|Any CPU.ActiveCfg = Release|Any CPU
		{FDD8B766-2D33-46E1-A0DB-BB79CDE2B7AF}.Release|Any CPU.Build.0 = Release|Any CPU
		{2ED56E82-B14D-427C-8170-DA280FF86668}.Debug|Any CPU.ActiveCfg = Debug|Any CPU
		{2ED56E82-B14D-427C-8170-DA280FF86668}.Debug|Any CPU.Build.0 = Debug|Any CPU
		{2ED56E82-B14D-427C-8170-DA280FF86668}.Release|Any CPU.ActiveCfg = Release|Any CPU
		{2ED56E82-B14D-427C-8170-DA280FF86668}.Release|Any CPU.Build.0 = Release|Any CPU
	EndGlobalSection
	GlobalSection(SolutionProperties) = preSolution
		HideSolutionNode = FALSE
	EndGlobalSection
	GlobalSection(ExtensibilityGlobals) = postSolution
		SolutionGuid = {46EEAD44-F359-46DA-A16D-98FAD2B1B458}
	EndGlobalSection
EndGlobal
